
Microsoft Visual Studio Solution File, Format Version 12.00
# Visual Studio Version 16
VisualStudioVersion = 16.0.33130.400
MinimumVisualStudioVersion = 10.0.40219.1
Project("{FAE04EC0-301F-11D3-BF4B-00C04F79EFBC}") = "WindowsFormsApp1", "WindowsFormsApp1\WindowsFormsApp1.csproj", "{1BCA2C79-A447-4528-BB28-EFEC99EE5BBA}"
EndProject
Global
	GlobalSection(SolutionConfigurationPlatforms) = preSolution
		Debug|Any CPU = Debug|Any CPU
		Release|Any CPU = Release|Any CPU
	EndGlobalSection
	GlobalSection(ProjectConfigurationPlatforms) = postSolution
		{1BCA2C79-A447-4528-BB28-EFEC99EE5BBA}.Debug|Any CPU.ActiveCfg = Debug|Any CPU
		{1BCA2C79-A447-4528-BB28-EFEC99EE5BBA}.Debug|Any CPU.Build.0 = Debug|Any CPU
		{1BCA2C79-A447-4528-BB28-EFEC99EE5BBA}.Release|Any CPU.ActiveCfg = Release|Any CPU
		{1BCA2C79-A447-4528-BB28-EFEC99EE5BBA}.Release|Any CPU.Build.0 = Release|Any CPU
	EndGlobalSection
	GlobalSection(SolutionProperties) = preSolution
		HideSolutionNode = FALSE
	EndGlobalSection
	GlobalSection(ExtensibilityGlobals) = postSolution
		SolutionGuid = {6F6F61F6-650E-4F61-967B-A500C68817B7}
	EndGlobalSection
EndGlobal
